
Microsoft Visual Studio Solution File, Format Version 12.00
# Visual Studio Version 16
VisualStudioVersion = 16.0.31205.134
MinimumVisualStudioVersion = 10.0.40219.1
Project("{FAE04EC0-301F-11D3-BF4B-00C04F79EFBC}") = "PCP_Lab2", "PCP_Lab2\PCP_Lab2.csproj", "{A23E4F71-5E7A-4138-AE89-63AE4BE834BB}"
EndProject
Global
	GlobalSection(SolutionConfigurationPlatforms) = preSolution
		Debug|Any CPU = Debug|Any CPU
		Release|Any CPU = Release|Any CPU
	EndGlobalSection
	GlobalSection(ProjectConfigurationPlatforms) = postSolution
		{A23E4F71-5E7A-4138-AE89-63AE4BE834BB}.Debug|Any CPU.ActiveCfg = Debug|Any CPU
		{A23E4F71-5E7A-4138-AE89-63AE4BE834BB}.Debug|Any CPU.Build.0 = Debug|Any CPU
		{A23E4F71-5E7A-4138-AE89-63AE4BE834BB}.Release|Any CPU.ActiveCfg = Release|Any CPU
		{A23E4F71-5E7A-4138-AE89-63AE4BE834BB}.Release|Any CPU.Build.0 = Release|Any CPU
	EndGlobalSection
	GlobalSection(SolutionProperties) = preSolution
		HideSolutionNode = FALSE
	EndGlobalSection
	GlobalSection(ExtensibilityGlobals) = postSolution
		SolutionGuid = {C371CB9E-8C30-4E2B-A875-962E4DEF7E23}
	EndGlobalSection
EndGlobal
